
Microsoft Visual Studio Solution File, Format Version 12.00
Project("{2150E333-8FDC-42A3-9474-1A3956D46DE8}") = "Leetcode", "Leetcode", "{048D1C99-1DCE-4465-8749-D76F44F8A4DC}"
EndProject
Project("{2150E333-8FDC-42A3-9474-1A3956D46DE8}") = "Easy", "Easy", "{DBADFDEA-4268-493E-9DA0-36E10C505E75}"
EndProject
Project("{FAE04EC0-301F-11D3-BF4B-00C04F79EFBC}") = "Running Sum of 1d Array 1480", "Leetcode\Easy\Running Sum of 1d Array 1480\Running Sum of 1d Array 1480.csproj", "{0BC5F431-7273-4BF6-AB25-2ECAE45A05E6}"
EndProject
Project("{FAE04EC0-301F-11D3-BF4B-00C04F79EFBC}") = "Find Pivot Index 724", "Leetcode\Easy\Find Pivot Index 724\Find Pivot Index 724.csproj", "{A329F05B-9AFE-4C1D-912E-A77CDECEFD1E}"
EndProject
Project("{FAE04EC0-301F-11D3-BF4B-00C04F79EFBC}") = "Contains Duplicate 217", "Leetcode\Easy\Contains Duplicate 217\Contains Duplicate 217.csproj", "{42BD137F-1D24-42CA-9232-C0328B04D156}"
EndProject
Project("{2150E333-8FDC-42A3-9474-1A3956D46DE8}") = "Medium", "Medium", "{5E0749F6-A58C-403F-AD63-1DA813D33B61}"
EndProject
Project("{FAE04EC0-301F-11D3-BF4B-00C04F79EFBC}") = "Maximum Subarray 53", "Leetcode\Medium\Maximum Subarray 53\Maximum Subarray 53.csproj", "{6899E9AB-1554-48AD-84D1-55BF45223BFC}"
EndProject
Project("{FAE04EC0-301F-11D3-BF4B-00C04F79EFBC}") = "Isomorphic Strings 205", "Leetcode\Easy\Isomorphic Strings 205\Isomorphic Strings 205.csproj", "{CB928512-0846-4291-903C-65F52F5530EC}"
EndProject
Project("{FAE04EC0-301F-11D3-BF4B-00C04F79EFBC}") = "Is Subsequence 392", "Leetcode\Easy\Is Subsequence 392\Is Subsequence 392.csproj", "{AD38486B-258D-4C0D-94C7-48D7AD54DADF}"
EndProject
Project("{FAE04EC0-301F-11D3-BF4B-00C04F79EFBC}") = "Two Sum 1", "Leetcode\Easy\Two Sum 1\Two Sum 1.csproj", "{79E4DEA7-9B92-4C55-8125-E76381F37064}"
EndProject
Project("{FAE04EC0-301F-11D3-BF4B-00C04F79EFBC}") = "Merge Sorted Array  88", "Leetcode\Easy\Merge Sorted Array  88\Merge Sorted Array  88.csproj", "{ADBC49D0-7105-4257-8EC6-3AB76DE45778}"
EndProject
Project("{FAE04EC0-301F-11D3-BF4B-00C04F79EFBC}") = "Merge Two Sorted Lists 21", "Leetcode\Easy\Merge Two Sorted Lists 21\Merge Two Sorted Lists 21.csproj", "{9EF1F6FE-0358-4F9B-8EDE-01F4EEF0E26A}"
EndProject
Project("{FAE04EC0-301F-11D3-BF4B-00C04F79EFBC}") = "Reverse Linked List 206", "Leetcode\Easy\Reverse Linked List 206\Reverse Linked List 206.csproj", "{AB40A15A-FB1E-41F8-9EFC-6970196267B2}"
EndProject
Project("{FAE04EC0-301F-11D3-BF4B-00C04F79EFBC}") = "Intersection of Two Arrays II 350", "Leetcode\Easy\Intersection of Two Arrays II 350\Intersection of Two Arrays II 350.csproj", "{745C3703-03DF-436B-A019-9695663F0F4A}"
EndProject
Project("{FAE04EC0-301F-11D3-BF4B-00C04F79EFBC}") = "Best Time to Buy and Sell Stock 121", "Leetcode\Easy\Best Time to Buy and Sell Stock 121\Best Time to Buy and Sell Stock 121.csproj", "{FC5E01E1-FAFF-4572-80CB-4BE64C751D1E}"
EndProject
Project("{FAE04EC0-301F-11D3-BF4B-00C04F79EFBC}") = "Middle of the Linked List 876", "Leetcode\Easy\Middle of the Linked List 876\Middle of the Linked List 876.csproj", "{BAEE8FFD-CCB2-41EE-825D-271E85A5A7F9}"
EndProject
Project("{FAE04EC0-301F-11D3-BF4B-00C04F79EFBC}") = "Linked List Cycle II 142", "Leetcode\Medium\Linked List Cycle II 142\Linked List Cycle II 142.csproj", "{87D52829-CF51-4A14-BF28-30D8BA0ABC39}"
EndProject
Project("{FAE04EC0-301F-11D3-BF4B-00C04F79EFBC}") = "Reshape the Matrix 566", "Leetcode\Easy\Reshape the Matrix 566\Reshape the Matrix 566.csproj", "{05E6B281-7315-4A14-9C3F-560A2F474566}"
EndProject
Project("{FAE04EC0-301F-11D3-BF4B-00C04F79EFBC}") = "Pascals Triangle 118", "Leetcode\Easy\Pascals Triangle 118\Pascals Triangle 118.csproj", "{4C80C370-A8A2-4786-BB58-94F9321FE7AE}"
EndProject
Project("{FAE04EC0-301F-11D3-BF4B-00C04F79EFBC}") = "Add Two Numbers 2", "Leetcode\Medium\Add Two Numbers 2\Add Two Numbers 2.csproj", "{4A2F78A7-C18E-4216-8B56-87559E0C80AF}"
EndProject
Project("{FAE04EC0-301F-11D3-BF4B-00C04F79EFBC}") = "Longest Palindrome 409", "Leetcode\Easy\Longest Palindrome 409\Longest Palindrome 409.csproj", "{D8E54430-5E3F-4DC9-9834-D73D839DB83C}"
EndProject
Project("{FAE04EC0-301F-11D3-BF4B-00C04F79EFBC}") = "Valid Sudoku 36", "Leetcode\Medium\Valid Sudoku 36\Valid Sudoku 36.csproj", "{58BDBCE5-E779-4A8C-8070-FBE0C01C72FF}"
EndProject
Project("{FAE04EC0-301F-11D3-BF4B-00C04F79EFBC}") = "Search a 2D Matrix 74", "Leetcode\Medium\Search a 2D Matrix 74\Search a 2D Matrix 74.csproj", "{DCC9C626-128D-4FB1-AC01-22CE2B0DB6CF}"
EndProject
Project("{FAE04EC0-301F-11D3-BF4B-00C04F79EFBC}") = "Longest Substring Without Repeating Characters 3", "Leetcode\Medium\Longest Substring Without Repeating Characters 3\Longest Substring Without Repeating Characters 3.csproj", "{4BF3103A-2F1A-4B8D-9E63-6E3B956C7968}"
EndProject
Project("{FAE04EC0-301F-11D3-BF4B-00C04F79EFBC}") = "Reverse Integer 7", "Leetcode\Medium\Reverse Integer 7\Reverse Integer 7.csproj", "{414BCC1C-33A1-4751-B992-81514EAC9E5B}"
EndProject
Project("{FAE04EC0-301F-11D3-BF4B-00C04F79EFBC}") = "N-ary Tree Preorder Traversal 589", "Leetcode\Easy\N-ary Tree Preorder Traversal 589\N-ary Tree Preorder Traversal 589.csproj", "{7C0A0124-5F97-4A52-A3C9-D69562F2FABE}"
EndProject
Project("{FAE04EC0-301F-11D3-BF4B-00C04F79EFBC}") = "Binary Tree Level Order Traversal 102", "Leetcode\Medium\Binary Tree Level Order Traversal 102\Binary Tree Level Order Traversal 102.csproj", "{D07036A7-CD2D-4251-A470-6139919D74C3}"
EndProject
Project("{FAE04EC0-301F-11D3-BF4B-00C04F79EFBC}") = "First Unique Character in a String 387", "Leetcode\Easy\First Unique Character in a String 387\First Unique Character in a String 387.csproj", "{E776A79F-7DBB-498A-A6BE-5CAC2189C6E5}"
EndProject
Project("{FAE04EC0-301F-11D3-BF4B-00C04F79EFBC}") = "Ransom Note 383", "Leetcode\Easy\Ransom Note 383\Ransom Note 383.csproj", "{888E2A61-11DB-470B-A715-183962FCBB2F}"
EndProject
Project("{FAE04EC0-301F-11D3-BF4B-00C04F79EFBC}") = "Valid Anagram 242", "Leetcode\Easy\Valid Anagram 242\Valid Anagram 242.csproj", "{3AE4BB49-B529-45AD-B391-2C5EDCF6B88C}"
EndProject
Project("{FAE04EC0-301F-11D3-BF4B-00C04F79EFBC}") = "Binary Search  704", "Leetcode\Easy\Binary Search  704\Binary Search  704.csproj", "{9DBDCAC9-AA0C-467E-A39A-49CAD6746039}"
EndProject
Project("{FAE04EC0-301F-11D3-BF4B-00C04F79EFBC}") = "First Bad Version 278", "Leetcode\Easy\First Bad Version 278\First Bad Version 278.csproj", "{DD5AF99E-5BEA-4246-AB70-F77A310B34EE}"
EndProject
Project("{FAE04EC0-301F-11D3-BF4B-00C04F79EFBC}") = "Linked List Cycle 141", "Leetcode\Easy\Linked List Cycle 141\Linked List Cycle 141.csproj", "{8534AB16-DE7E-4DE7-8333-F0F42BB73B70}"
EndProject
Project("{FAE04EC0-301F-11D3-BF4B-00C04F79EFBC}") = "Remove Linked List Elements 203", "Leetcode\Easy\Remove Linked List Elements 203\Remove Linked List Elements 203.csproj", "{53D44459-5281-4EF9-A864-01550EB9CB19}"
EndProject
Project("{FAE04EC0-301F-11D3-BF4B-00C04F79EFBC}") = "Validate Binary Search Tree 98", "Leetcode\Medium\Validate Binary Search Tree 98\Validate Binary Search Tree 98.csproj", "{0ED77D0E-C9FE-47F9-BEA4-A2A76927AF55}"
EndProject
Project("{FAE04EC0-301F-11D3-BF4B-00C04F79EFBC}") = "Lowest Common Ancestor of a Binary Search Tree 235", "Leetcode\Medium\Lowest Common Ancestor of a Binary Search Tree 235\Lowest Common Ancestor of a Binary Search Tree 235.csproj", "{854EA644-0282-47C7-A297-6F704085F6B9}"
EndProject
Project("{FAE04EC0-301F-11D3-BF4B-00C04F79EFBC}") = "Remove Duplicates from Sorted List 83", "Leetcode\Easy\Remove Duplicates from Sorted List 83\Remove Duplicates from Sorted List 83.csproj", "{262A55ED-95EC-4DAA-8777-F68D4DD59107}"
EndProject
Global
	GlobalSection(SolutionConfigurationPlatforms) = preSolution
		Debug|Any CPU = Debug|Any CPU
		Release|Any CPU = Release|Any CPU
	EndGlobalSection
	GlobalSection(NestedProjects) = preSolution
		{DBADFDEA-4268-493E-9DA0-36E10C505E75} = {048D1C99-1DCE-4465-8749-D76F44F8A4DC}
		{0BC5F431-7273-4BF6-AB25-2ECAE45A05E6} = {DBADFDEA-4268-493E-9DA0-36E10C505E75}
		{A329F05B-9AFE-4C1D-912E-A77CDECEFD1E} = {DBADFDEA-4268-493E-9DA0-36E10C505E75}
		{42BD137F-1D24-42CA-9232-C0328B04D156} = {DBADFDEA-4268-493E-9DA0-36E10C505E75}
		{5E0749F6-A58C-403F-AD63-1DA813D33B61} = {048D1C99-1DCE-4465-8749-D76F44F8A4DC}
		{6899E9AB-1554-48AD-84D1-55BF45223BFC} = {5E0749F6-A58C-403F-AD63-1DA813D33B61}
		{CB928512-0846-4291-903C-65F52F5530EC} = {DBADFDEA-4268-493E-9DA0-36E10C505E75}
		{AD38486B-258D-4C0D-94C7-48D7AD54DADF} = {DBADFDEA-4268-493E-9DA0-36E10C505E75}
		{79E4DEA7-9B92-4C55-8125-E76381F37064} = {DBADFDEA-4268-493E-9DA0-36E10C505E75}
		{ADBC49D0-7105-4257-8EC6-3AB76DE45778} = {DBADFDEA-4268-493E-9DA0-36E10C505E75}
		{9EF1F6FE-0358-4F9B-8EDE-01F4EEF0E26A} = {DBADFDEA-4268-493E-9DA0-36E10C505E75}
		{AB40A15A-FB1E-41F8-9EFC-6970196267B2} = {DBADFDEA-4268-493E-9DA0-36E10C505E75}
		{745C3703-03DF-436B-A019-9695663F0F4A} = {DBADFDEA-4268-493E-9DA0-36E10C505E75}
		{FC5E01E1-FAFF-4572-80CB-4BE64C751D1E} = {DBADFDEA-4268-493E-9DA0-36E10C505E75}
		{BAEE8FFD-CCB2-41EE-825D-271E85A5A7F9} = {DBADFDEA-4268-493E-9DA0-36E10C505E75}
		{87D52829-CF51-4A14-BF28-30D8BA0ABC39} = {5E0749F6-A58C-403F-AD63-1DA813D33B61}
		{05E6B281-7315-4A14-9C3F-560A2F474566} = {DBADFDEA-4268-493E-9DA0-36E10C505E75}
		{4C80C370-A8A2-4786-BB58-94F9321FE7AE} = {DBADFDEA-4268-493E-9DA0-36E10C505E75}
		{4A2F78A7-C18E-4216-8B56-87559E0C80AF} = {5E0749F6-A58C-403F-AD63-1DA813D33B61}
		{D8E54430-5E3F-4DC9-9834-D73D839DB83C} = {DBADFDEA-4268-493E-9DA0-36E10C505E75}
		{58BDBCE5-E779-4A8C-8070-FBE0C01C72FF} = {5E0749F6-A58C-403F-AD63-1DA813D33B61}
		{DCC9C626-128D-4FB1-AC01-22CE2B0DB6CF} = {5E0749F6-A58C-403F-AD63-1DA813D33B61}
		{4BF3103A-2F1A-4B8D-9E63-6E3B956C7968} = {5E0749F6-A58C-403F-AD63-1DA813D33B61}
		{414BCC1C-33A1-4751-B992-81514EAC9E5B} = {5E0749F6-A58C-403F-AD63-1DA813D33B61}
		{7C0A0124-5F97-4A52-A3C9-D69562F2FABE} = {DBADFDEA-4268-493E-9DA0-36E10C505E75}
		{D07036A7-CD2D-4251-A470-6139919D74C3} = {5E0749F6-A58C-403F-AD63-1DA813D33B61}
		{E776A79F-7DBB-498A-A6BE-5CAC2189C6E5} = {DBADFDEA-4268-493E-9DA0-36E10C505E75}
		{888E2A61-11DB-470B-A715-183962FCBB2F} = {DBADFDEA-4268-493E-9DA0-36E10C505E75}
		{3AE4BB49-B529-45AD-B391-2C5EDCF6B88C} = {DBADFDEA-4268-493E-9DA0-36E10C505E75}
		{9DBDCAC9-AA0C-467E-A39A-49CAD6746039} = {DBADFDEA-4268-493E-9DA0-36E10C505E75}
		{DD5AF99E-5BEA-4246-AB70-F77A310B34EE} = {DBADFDEA-4268-493E-9DA0-36E10C505E75}
		{8534AB16-DE7E-4DE7-8333-F0F42BB73B70} = {DBADFDEA-4268-493E-9DA0-36E10C505E75}
		{53D44459-5281-4EF9-A864-01550EB9CB19} = {DBADFDEA-4268-493E-9DA0-36E10C505E75}
		{0ED77D0E-C9FE-47F9-BEA4-A2A76927AF55} = {5E0749F6-A58C-403F-AD63-1DA813D33B61}
		{854EA644-0282-47C7-A297-6F704085F6B9} = {5E0749F6-A58C-403F-AD63-1DA813D33B61}
		{262A55ED-95EC-4DAA-8777-F68D4DD59107} = {DBADFDEA-4268-493E-9DA0-36E10C505E75}
	EndGlobalSection
	GlobalSection(ProjectConfigurationPlatforms) = postSolution
		{0BC5F431-7273-4BF6-AB25-2ECAE45A05E6}.Debug|Any CPU.ActiveCfg = Debug|Any CPU
		{0BC5F431-7273-4BF6-AB25-2ECAE45A05E6}.Debug|Any CPU.Build.0 = Debug|Any CPU
		{0BC5F431-7273-4BF6-AB25-2ECAE45A05E6}.Release|Any CPU.ActiveCfg = Release|Any CPU
		{0BC5F431-7273-4BF6-AB25-2ECAE45A05E6}.Release|Any CPU.Build.0 = Release|Any CPU
		{A329F05B-9AFE-4C1D-912E-A77CDECEFD1E}.Debug|Any CPU.ActiveCfg = Debug|Any CPU
		{A329F05B-9AFE-4C1D-912E-A77CDECEFD1E}.Debug|Any CPU.Build.0 = Debug|Any CPU
		{A329F05B-9AFE-4C1D-912E-A77CDECEFD1E}.Release|Any CPU.ActiveCfg = Release|Any CPU
		{A329F05B-9AFE-4C1D-912E-A77CDECEFD1E}.Release|Any CPU.Build.0 = Release|Any CPU
		{42BD137F-1D24-42CA-9232-C0328B04D156}.Debug|Any CPU.ActiveCfg = Debug|Any CPU
		{42BD137F-1D24-42CA-9232-C0328B04D156}.Debug|Any CPU.Build.0 = Debug|Any CPU
		{42BD137F-1D24-42CA-9232-C0328B04D156}.Release|Any CPU.ActiveCfg = Release|Any CPU
		{42BD137F-1D24-42CA-9232-C0328B04D156}.Release|Any CPU.Build.0 = Release|Any CPU
		{6899E9AB-1554-48AD-84D1-55BF45223BFC}.Debug|Any CPU.ActiveCfg = Debug|Any CPU
		{6899E9AB-1554-48AD-84D1-55BF45223BFC}.Debug|Any CPU.Build.0 = Debug|Any CPU
		{6899E9AB-1554-48AD-84D1-55BF45223BFC}.Release|Any CPU.ActiveCfg = Release|Any CPU
		{6899E9AB-1554-48AD-84D1-55BF45223BFC}.Release|Any CPU.Build.0 = Release|Any CPU
		{CB928512-0846-4291-903C-65F52F5530EC}.Debug|Any CPU.ActiveCfg = Debug|Any CPU
		{CB928512-0846-4291-903C-65F52F5530EC}.Debug|Any CPU.Build.0 = Debug|Any CPU
		{CB928512-0846-4291-903C-65F52F5530EC}.Release|Any CPU.ActiveCfg = Release|Any CPU
		{CB928512-0846-4291-903C-65F52F5530EC}.Release|Any CPU.Build.0 = Release|Any CPU
		{AD38486B-258D-4C0D-94C7-48D7AD54DADF}.Debug|Any CPU.ActiveCfg = Debug|Any CPU
		{AD38486B-258D-4C0D-94C7-48D7AD54DADF}.Debug|Any CPU.Build.0 = Debug|Any CPU
		{AD38486B-258D-4C0D-94C7-48D7AD54DADF}.Release|Any CPU.ActiveCfg = Release|Any CPU
		{AD38486B-258D-4C0D-94C7-48D7AD54DADF}.Release|Any CPU.Build.0 = Release|Any CPU
		{79E4DEA7-9B92-4C55-8125-E76381F37064}.Debug|Any CPU.ActiveCfg = Debug|Any CPU
		{79E4DEA7-9B92-4C55-8125-E76381F37064}.Debug|Any CPU.Build.0 = Debug|Any CPU
		{79E4DEA7-9B92-4C55-8125-E76381F37064}.Release|Any CPU.ActiveCfg = Release|Any CPU
		{79E4DEA7-9B92-4C55-8125-E76381F37064}.Release|Any CPU.Build.0 = Release|Any CPU
		{ADBC49D0-7105-4257-8EC6-3AB76DE45778}.Debug|Any CPU.ActiveCfg = Debug|Any CPU
		{ADBC49D0-7105-4257-8EC6-3AB76DE45778}.Debug|Any CPU.Build.0 = Debug|Any CPU
		{ADBC49D0-7105-4257-8EC6-3AB76DE45778}.Release|Any CPU.ActiveCfg = Release|Any CPU
		{ADBC49D0-7105-4257-8EC6-3AB76DE45778}.Release|Any CPU.Build.0 = Release|Any CPU
		{9EF1F6FE-0358-4F9B-8EDE-01F4EEF0E26A}.Debug|Any CPU.ActiveCfg = Debug|Any CPU
		{9EF1F6FE-0358-4F9B-8EDE-01F4EEF0E26A}.Debug|Any CPU.Build.0 = Debug|Any CPU
		{9EF1F6FE-0358-4F9B-8EDE-01F4EEF0E26A}.Release|Any CPU.ActiveCfg = Release|Any CPU
		{9EF1F6FE-0358-4F9B-8EDE-01F4EEF0E26A}.Release|Any CPU.Build.0 = Release|Any CPU
		{AB40A15A-FB1E-41F8-9EFC-6970196267B2}.Debug|Any CPU.ActiveCfg = Debug|Any CPU
		{AB40A15A-FB1E-41F8-9EFC-6970196267B2}.Debug|Any CPU.Build.0 = Debug|Any CPU
		{AB40A15A-FB1E-41F8-9EFC-6970196267B2}.Release|Any CPU.ActiveCfg = Release|Any CPU
		{AB40A15A-FB1E-41F8-9EFC-6970196267B2}.Release|Any CPU.Build.0 = Release|Any CPU
		{745C3703-03DF-436B-A019-9695663F0F4A}.Debug|Any CPU.ActiveCfg = Debug|Any CPU
		{745C3703-03DF-436B-A019-9695663F0F4A}.Debug|Any CPU.Build.0 = Debug|Any CPU
		{745C3703-03DF-436B-A019-9695663F0F4A}.Release|Any CPU.ActiveCfg = Release|Any CPU
		{745C3703-03DF-436B-A019-9695663F0F4A}.Release|Any CPU.Build.0 = Release|Any CPU
		{FC5E01E1-FAFF-4572-80CB-4BE64C751D1E}.Debug|Any CPU.ActiveCfg = Debug|Any CPU
		{FC5E01E1-FAFF-4572-80CB-4BE64C751D1E}.Debug|Any CPU.Build.0 = Debug|Any CPU
		{FC5E01E1-FAFF-4572-80CB-4BE64C751D1E}.Release|Any CPU.ActiveCfg = Release|Any CPU
		{FC5E01E1-FAFF-4572-80CB-4BE64C751D1E}.Release|Any CPU.Build.0 = Release|Any CPU
		{BAEE8FFD-CCB2-41EE-825D-271E85A5A7F9}.Debug|Any CPU.ActiveCfg = Debug|Any CPU
		{BAEE8FFD-CCB2-41EE-825D-271E85A5A7F9}.Debug|Any CPU.Build.0 = Debug|Any CPU
		{BAEE8FFD-CCB2-41EE-825D-271E85A5A7F9}.Release|Any CPU.ActiveCfg = Release|Any CPU
		{BAEE8FFD-CCB2-41EE-825D-271E85A5A7F9}.Release|Any CPU.Build.0 = Release|Any CPU
		{87D52829-CF51-4A14-BF28-30D8BA0ABC39}.Debug|Any CPU.ActiveCfg = Debug|Any CPU
		{87D52829-CF51-4A14-BF28-30D8BA0ABC39}.Debug|Any CPU.Build.0 = Debug|Any CPU
		{87D52829-CF51-4A14-BF28-30D8BA0ABC39}.Release|Any CPU.ActiveCfg = Release|Any CPU
		{87D52829-CF51-4A14-BF28-30D8BA0ABC39}.Release|Any CPU.Build.0 = Release|Any CPU
		{05E6B281-7315-4A14-9C3F-560A2F474566}.Debug|Any CPU.ActiveCfg = Debug|Any CPU
		{05E6B281-7315-4A14-9C3F-560A2F474566}.Debug|Any CPU.Build.0 = Debug|Any CPU
		{05E6B281-7315-4A14-9C3F-560A2F474566}.Release|Any CPU.ActiveCfg = Release|Any CPU
		{05E6B281-7315-4A14-9C3F-560A2F474566}.Release|Any CPU.Build.0 = Release|Any CPU
		{4C80C370-A8A2-4786-BB58-94F9321FE7AE}.Debug|Any CPU.ActiveCfg = Debug|Any CPU
		{4C80C370-A8A2-4786-BB58-94F9321FE7AE}.Debug|Any CPU.Build.0 = Debug|Any CPU
		{4C80C370-A8A2-4786-BB58-94F9321FE7AE}.Release|Any CPU.ActiveCfg = Release|Any CPU
		{4C80C370-A8A2-4786-BB58-94F9321FE7AE}.Release|Any CPU.Build.0 = Release|Any CPU
		{4A2F78A7-C18E-4216-8B56-87559E0C80AF}.Debug|Any CPU.ActiveCfg = Debug|Any CPU
		{4A2F78A7-C18E-4216-8B56-87559E0C80AF}.Debug|Any CPU.Build.0 = Debug|Any CPU
		{4A2F78A7-C18E-4216-8B56-87559E0C80AF}.Release|Any CPU.ActiveCfg = Release|Any CPU
		{4A2F78A7-C18E-4216-8B56-87559E0C80AF}.Release|Any CPU.Build.0 = Release|Any CPU
		{D8E54430-5E3F-4DC9-9834-D73D839DB83C}.Debug|Any CPU.ActiveCfg = Debug|Any CPU
		{D8E54430-5E3F-4DC9-9834-D73D839DB83C}.Debug|Any CPU.Build.0 = Debug|Any CPU
		{D8E54430-5E3F-4DC9-9834-D73D839DB83C}.Release|Any CPU.ActiveCfg = Release|Any CPU
		{D8E54430-5E3F-4DC9-9834-D73D839DB83C}.Release|Any CPU.Build.0 = Release|Any CPU
		{58BDBCE5-E779-4A8C-8070-FBE0C01C72FF}.Debug|Any CPU.ActiveCfg = Debug|Any CPU
		{58BDBCE5-E779-4A8C-8070-FBE0C01C72FF}.Debug|Any CPU.Build.0 = Debug|Any CPU
		{58BDBCE5-E779-4A8C-8070-FBE0C01C72FF}.Release|Any CPU.ActiveCfg = Release|Any CPU
		{58BDBCE5-E779-4A8C-8070-FBE0C01C72FF}.Release|Any CPU.Build.0 = Release|Any CPU
		{DCC9C626-128D-4FB1-AC01-22CE2B0DB6CF}.Debug|Any CPU.ActiveCfg = Debug|Any CPU
		{DCC9C626-128D-4FB1-AC01-22CE2B0DB6CF}.Debug|Any CPU.Build.0 = Debug|Any CPU
		{DCC9C626-128D-4FB1-AC01-22CE2B0DB6CF}.Release|Any CPU.ActiveCfg = Release|Any CPU
		{DCC9C626-128D-4FB1-AC01-22CE2B0DB6CF}.Release|Any CPU.Build.0 = Release|Any CPU
		{4BF3103A-2F1A-4B8D-9E63-6E3B956C7968}.Debug|Any CPU.ActiveCfg = Debug|Any CPU
		{4BF3103A-2F1A-4B8D-9E63-6E3B956C7968}.Debug|Any CPU.Build.0 = Debug|Any CPU
		{4BF3103A-2F1A-4B8D-9E63-6E3B956C7968}.Release|Any CPU.ActiveCfg = Release|Any CPU
		{4BF3103A-2F1A-4B8D-9E63-6E3B956C7968}.Release|Any CPU.Build.0 = Release|Any CPU
		{414BCC1C-33A1-4751-B992-81514EAC9E5B}.Debug|Any CPU.ActiveCfg = Debug|Any CPU
		{414BCC1C-33A1-4751-B992-81514EAC9E5B}.Debug|Any CPU.Build.0 = Debug|Any CPU
		{414BCC1C-33A1-4751-B992-81514EAC9E5B}.Release|Any CPU.ActiveCfg = Release|Any CPU
		{414BCC1C-33A1-4751-B992-81514EAC9E5B}.Release|Any CPU.Build.0 = Release|Any CPU
		{7C0A0124-5F97-4A52-A3C9-D69562F2FABE}.Debug|Any CPU.ActiveCfg = Debug|Any CPU
		{7C0A0124-5F97-4A52-A3C9-D69562F2FABE}.Debug|Any CPU.Build.0 = Debug|Any CPU
		{7C0A0124-5F97-4A52-A3C9-D69562F2FABE}.Release|Any CPU.ActiveCfg = Release|Any CPU
		{7C0A0124-5F97-4A52-A3C9-D69562F2FABE}.Release|Any CPU.Build.0 = Release|Any CPU
		{D07036A7-CD2D-4251-A470-6139919D74C3}.Debug|Any CPU.ActiveCfg = Debug|Any CPU
		{D07036A7-CD2D-4251-A470-6139919D74C3}.Debug|Any CPU.Build.0 = Debug|Any CPU
		{D07036A7-CD2D-4251-A470-6139919D74C3}.Release|Any CPU.ActiveCfg = Release|Any CPU
		{D07036A7-CD2D-4251-A470-6139919D74C3}.Release|Any CPU.Build.0 = Release|Any CPU
		{E776A79F-7DBB-498A-A6BE-5CAC2189C6E5}.Debug|Any CPU.ActiveCfg = Debug|Any CPU
		{E776A79F-7DBB-498A-A6BE-5CAC2189C6E5}.Debug|Any CPU.Build.0 = Debug|Any CPU
		{E776A79F-7DBB-498A-A6BE-5CAC2189C6E5}.Release|Any CPU.ActiveCfg = Release|Any CPU
		{E776A79F-7DBB-498A-A6BE-5CAC2189C6E5}.Release|Any CPU.Build.0 = Release|Any CPU
		{888E2A61-11DB-470B-A715-183962FCBB2F}.Debug|Any CPU.ActiveCfg = Debug|Any CPU
		{888E2A61-11DB-470B-A715-183962FCBB2F}.Debug|Any CPU.Build.0 = Debug|Any CPU
		{888E2A61-11DB-470B-A715-183962FCBB2F}.Release|Any CPU.ActiveCfg = Release|Any CPU
		{888E2A61-11DB-470B-A715-183962FCBB2F}.Release|Any CPU.Build.0 = Release|Any CPU
		{3AE4BB49-B529-45AD-B391-2C5EDCF6B88C}.Debug|Any CPU.ActiveCfg = Debug|Any CPU
		{3AE4BB49-B529-45AD-B391-2C5EDCF6B88C}.Debug|Any CPU.Build.0 = Debug|Any CPU
		{3AE4BB49-B529-45AD-B391-2C5EDCF6B88C}.Release|Any CPU.ActiveCfg = Release|Any CPU
		{3AE4BB49-B529-45AD-B391-2C5EDCF6B88C}.Release|Any CPU.Build.0 = Release|Any CPU
		{9DBDCAC9-AA0C-467E-A39A-49CAD6746039}.Debug|Any CPU.ActiveCfg = Debug|Any CPU
		{9DBDCAC9-AA0C-467E-A39A-49CAD6746039}.Debug|Any CPU.Build.0 = Debug|Any CPU
		{9DBDCAC9-AA0C-467E-A39A-49CAD6746039}.Release|Any CPU.ActiveCfg = Release|Any CPU
		{9DBDCAC9-AA0C-467E-A39A-49CAD6746039}.Release|Any CPU.Build.0 = Release|Any CPU
		{DD5AF99E-5BEA-4246-AB70-F77A310B34EE}.Debug|Any CPU.ActiveCfg = Debug|Any CPU
		{DD5AF99E-5BEA-4246-AB70-F77A310B34EE}.Debug|Any CPU.Build.0 = Debug|Any CPU
		{DD5AF99E-5BEA-4246-AB70-F77A310B34EE}.Release|Any CPU.ActiveCfg = Release|Any CPU
		{DD5AF99E-5BEA-4246-AB70-F77A310B34EE}.Release|Any CPU.Build.0 = Release|Any CPU
		{8534AB16-DE7E-4DE7-8333-F0F42BB73B70}.Debug|Any CPU.ActiveCfg = Debug|Any CPU
		{8534AB16-DE7E-4DE7-8333-F0F42BB73B70}.Debug|Any CPU.Build.0 = Debug|Any CPU
		{8534AB16-DE7E-4DE7-8333-F0F42BB73B70}.Release|Any CPU.ActiveCfg = Release|Any CPU
		{8534AB16-DE7E-4DE7-8333-F0F42BB73B70}.Release|Any CPU.Build.0 = Release|Any CPU
		{53D44459-5281-4EF9-A864-01550EB9CB19}.Debug|Any CPU.ActiveCfg = Debug|Any CPU
		{53D44459-5281-4EF9-A864-01550EB9CB19}.Debug|Any CPU.Build.0 = Debug|Any CPU
		{53D44459-5281-4EF9-A864-01550EB9CB19}.Release|Any CPU.ActiveCfg = Release|Any CPU
		{53D44459-5281-4EF9-A864-01550EB9CB19}.Release|Any CPU.Build.0 = Release|Any CPU
		{0ED77D0E-C9FE-47F9-BEA4-A2A76927AF55}.Debug|Any CPU.ActiveCfg = Debug|Any CPU
		{0ED77D0E-C9FE-47F9-BEA4-A2A76927AF55}.Debug|Any CPU.Build.0 = Debug|Any CPU
		{0ED77D0E-C9FE-47F9-BEA4-A2A76927AF55}.Release|Any CPU.ActiveCfg = Release|Any CPU
		{0ED77D0E-C9FE-47F9-BEA4-A2A76927AF55}.Release|Any CPU.Build.0 = Release|Any CPU
		{854EA644-0282-47C7-A297-6F704085F6B9}.Debug|Any CPU.ActiveCfg = Debug|Any CPU
		{854EA644-0282-47C7-A297-6F704085F6B9}.Debug|Any CPU.Build.0 = Debug|Any CPU
		{854EA644-0282-47C7-A297-6F704085F6B9}.Release|Any CPU.ActiveCfg = Release|Any CPU
		{854EA644-0282-47C7-A297-6F704085F6B9}.Release|Any CPU.Build.0 = Release|Any CPU
		{262A55ED-95EC-4DAA-8777-F68D4DD59107}.Debug|Any CPU.ActiveCfg = Debug|Any CPU
		{262A55ED-95EC-4DAA-8777-F68D4DD59107}.Debug|Any CPU.Build.0 = Debug|Any CPU
		{262A55ED-95EC-4DAA-8777-F68D4DD59107}.Release|Any CPU.ActiveCfg = Release|Any CPU
		{262A55ED-95EC-4DAA-8777-F68D4DD59107}.Release|Any CPU.Build.0 = Release|Any CPU
	EndGlobalSection
EndGlobal
